
Microsoft Visual Studio Solution File, Format Version 12.00
# Visual Studio 2013
VisualStudioVersion = 12.0.31101.0
MinimumVisualStudioVersion = 10.0.40219.1
Project("{2150E333-8FDC-42A3-9474-1A3956D46DE8}") = "DemoApp", "DemoApp", "{1366564E-326E-4D0F-AC1A-37D234E5AAFE}"
EndProject
Project("{FAE04EC0-301F-11D3-BF4B-00C04F79EFBC}") = "DemoApp.Windows", "DemoApp\DemoApp.Windows\DemoApp.Windows.csproj", "{50B02AD4-6699-409E-AADB-EBCE459B36FE}"
EndProject
Project("{FAE04EC0-301F-11D3-BF4B-00C04F79EFBC}") = "DemoApp.Common", "DemoApp\DemoApp.Common\DemoApp.Common.csproj", "{7D817598-0EA6-4D00-8B11-42B4769E27BF}"
EndProject
Project("{FAE04EC0-301F-11D3-BF4B-00C04F79EFBC}") = "DemoApp.Tests", "DemoApp\DemoApp.Tests\DemoApp.Tests.csproj", "{32269078-DB32-42C3-A7AE-EE7E898E1ED6}"
EndProject
Global
	GlobalSection(SolutionConfigurationPlatforms) = preSolution
		Debug|Any CPU = Debug|Any CPU
		Debug|ARM = Debug|ARM
		Debug|x64 = Debug|x64
		Debug|x86 = Debug|x86
		Release|Any CPU = Release|Any CPU
		Release|ARM = Release|ARM
		Release|x64 = Release|x64
		Release|x86 = Release|x86
	EndGlobalSection
	GlobalSection(ProjectConfigurationPlatforms) = postSolution
		{50B02AD4-6699-409E-AADB-EBCE459B36FE}.Debug|Any CPU.ActiveCfg = Debug|Any CPU
		{50B02AD4-6699-409E-AADB-EBCE459B36FE}.Debug|Any CPU.Build.0 = Debug|Any CPU
		{50B02AD4-6699-409E-AADB-EBCE459B36FE}.Debug|Any CPU.Deploy.0 = Debug|Any CPU
		{50B02AD4-6699-409E-AADB-EBCE459B36FE}.Debug|ARM.ActiveCfg = Debug|ARM
		{50B02AD4-6699-409E-AADB-EBCE459B36FE}.Debug|ARM.Build.0 = Debug|ARM
		{50B02AD4-6699-409E-AADB-EBCE459B36FE}.Debug|ARM.Deploy.0 = Debug|ARM
		{50B02AD4-6699-409E-AADB-EBCE459B36FE}.Debug|x64.ActiveCfg = Debug|x64
		{50B02AD4-6699-409E-AADB-EBCE459B36FE}.Debug|x64.Build.0 = Debug|x64
		{50B02AD4-6699-409E-AADB-EBCE459B36FE}.Debug|x64.Deploy.0 = Debug|x64
		{50B02AD4-6699-409E-AADB-EBCE459B36FE}.Debug|x86.ActiveCfg = Debug|x86
		{50B02AD4-6699-409E-AADB-EBCE459B36FE}.Debug|x86.Build.0 = Debug|x86
		{50B02AD4-6699-409E-AADB-EBCE459B36FE}.Debug|x86.Deploy.0 = Debug|x86
		{50B02AD4-6699-409E-AADB-EBCE459B36FE}.Release|Any CPU.ActiveCfg = Release|Any CPU
		{50B02AD4-6699-409E-AADB-EBCE459B36FE}.Release|Any CPU.Build.0 = Release|Any CPU
		{50B02AD4-6699-409E-AADB-EBCE459B36FE}.Release|Any CPU.Deploy.0 = Release|Any CPU
		{50B02AD4-6699-409E-AADB-EBCE459B36FE}.Release|ARM.ActiveCfg = Release|ARM
		{50B02AD4-6699-409E-AADB-EBCE459B36FE}.Release|ARM.Build.0 = Release|ARM
		{50B02AD4-6699-409E-AADB-EBCE459B36FE}.Release|ARM.Deploy.0 = Release|ARM
		{50B02AD4-6699-409E-AADB-EBCE459B36FE}.Release|x64.ActiveCfg = Release|x64
		{50B02AD4-6699-409E-AADB-EBCE459B36FE}.Release|x64.Build.0 = Release|x64
		{50B02AD4-6699-409E-AADB-EBCE459B36FE}.Release|x64.Deploy.0 = Release|x64
		{50B02AD4-6699-409E-AADB-EBCE459B36FE}.Release|x86.ActiveCfg = Release|x86
		{50B02AD4-6699-409E-AADB-EBCE459B36FE}.Release|x86.Build.0 = Release|x86
		{50B02AD4-6699-409E-AADB-EBCE459B36FE}.Release|x86.Deploy.0 = Release|x86
		{7D817598-0EA6-4D00-8B11-42B4769E27BF}.Debug|Any CPU.ActiveCfg = Debug|Any CPU
		{7D817598-0EA6-4D00-8B11-42B4769E27BF}.Debug|Any CPU.Build.0 = Debug|Any CPU
		{7D817598-0EA6-4D00-8B11-42B4769E27BF}.Debug|ARM.ActiveCfg = Debug|Any CPU
		{7D817598-0EA6-4D00-8B11-42B4769E27BF}.Debug|x64.ActiveCfg = Debug|Any CPU
		{7D817598-0EA6-4D00-8B11-42B4769E27BF}.Debug|x86.ActiveCfg = Debug|Any CPU
		{7D817598-0EA6-4D00-8B11-42B4769E27BF}.Release|Any CPU.ActiveCfg = Release|Any CPU
		{7D817598-0EA6-4D00-8B11-42B4769E27BF}.Release|Any CPU.Build.0 = Release|Any CPU
		{7D817598-0EA6-4D00-8B11-42B4769E27BF}.Release|ARM.ActiveCfg = Release|Any CPU
		{7D817598-0EA6-4D00-8B11-42B4769E27BF}.Release|x64.ActiveCfg = Release|Any CPU
		{7D817598-0EA6-4D00-8B11-42B4769E27BF}.Release|x86.ActiveCfg = Release|Any CPU
		{32269078-DB32-42C3-A7AE-EE7E898E1ED6}.Debug|Any CPU.ActiveCfg = Debug|Any CPU
		{32269078-DB32-42C3-A7AE-EE7E898E1ED6}.Debug|Any CPU.Build.0 = Debug|Any CPU
		{32269078-DB32-42C3-A7AE-EE7E898E1ED6}.Debug|ARM.ActiveCfg = Debug|Any CPU
		{32269078-DB32-42C3-A7AE-EE7E898E1ED6}.Debug|x64.ActiveCfg = Debug|Any CPU
		{32269078-DB32-42C3-A7AE-EE7E898E1ED6}.Debug|x86.ActiveCfg = Debug|Any CPU
		{32269078-DB32-42C3-A7AE-EE7E898E1ED6}.Release|Any CPU.ActiveCfg = Release|Any CPU
		{32269078-DB32-42C3-A7AE-EE7E898E1ED6}.Release|Any CPU.Build.0 = Release|Any CPU
		{32269078-DB32-42C3-A7AE-EE7E898E1ED6}.Release|ARM.ActiveCfg = Release|Any CPU
		{32269078-DB32-42C3-A7AE-EE7E898E1ED6}.Release|x64.ActiveCfg = Release|Any CPU
		{32269078-DB32-42C3-A7AE-EE7E898E1ED6}.Release|x86.ActiveCfg = Release|Any CPU
	EndGlobalSection
	GlobalSection(SolutionProperties) = preSolution
		HideSolutionNode = FALSE
	EndGlobalSection
	GlobalSection(NestedProjects) = preSolution
		{50B02AD4-6699-409E-AADB-EBCE459B36FE} = {1366564E-326E-4D0F-AC1A-37D234E5AAFE}
		{7D817598-0EA6-4D00-8B11-42B4769E27BF} = {1366564E-326E-4D0F-AC1A-37D234E5AAFE}
		{32269078-DB32-42C3-A7AE-EE7E898E1ED6} = {1366564E-326E-4D0F-AC1A-37D234E5AAFE}
	EndGlobalSection
EndGlobal
